
Microsoft Visual Studio Solution File, Format Version 12.00
# Visual Studio Version 17
VisualStudioVersion = 17.8.34330.188
MinimumVisualStudioVersion = 10.0.40219.1
Project("{FAE04EC0-301F-11D3-BF4B-00C04F79EFBC}") = "DocGen.Console", "DocGen.Console\DocGen.Console.csproj", "{0CCC2394-A4BD-48C4-8AA0-9F083ADDBDA1}"
EndProject
Global
	GlobalSection(SolutionConfigurationPlatforms) = preSolution
		Debug|Any CPU = Debug|Any CPU
		Release|Any CPU = Release|Any CPU
	EndGlobalSection
	GlobalSection(ProjectConfigurationPlatforms) = postSolution
		{0CCC2394-A4BD-48C4-8AA0-9F083ADDBDA1}.Debug|Any CPU.ActiveCfg = Debug|Any CPU
		{0CCC2394-A4BD-48C4-8AA0-9F083ADDBDA1}.Debug|Any CPU.Build.0 = Debug|Any CPU
		{0CCC2394-A4BD-48C4-8AA0-9F083ADDBDA1}.Release|Any CPU.ActiveCfg = Release|Any CPU
		{0CCC2394-A4BD-48C4-8AA0-9F083ADDBDA1}.Release|Any CPU.Build.0 = Release|Any CPU
	EndGlobalSection
	GlobalSection(SolutionProperties) = preSolution
		HideSolutionNode = FALSE
	EndGlobalSection
	GlobalSection(ExtensibilityGlobals) = postSolution
		SolutionGuid = {80DB1BED-8163-4435-8822-67B834E688C8}
	EndGlobalSection
EndGlobal
