
Microsoft Visual Studio Solution File, Format Version 12.00
# Visual Studio Version 17
VisualStudioVersion = 17.8.34330.188
MinimumVisualStudioVersion = 10.0.40219.1
Project("{FAE04EC0-301F-11D3-BF4B-00C04F79EFBC}") = "DocGen.Console", "DocGen.Console\DocGen.Console.csproj", "{0CCC2394-A4BD-48C4-8AA0-9F083ADDBDA1}"
EndProject
Project("{FAE04EC0-301F-11D3-BF4B-00C04F79EFBC}") = "DocGen.Processor", "DocGen.Processor\DocGen.Processor.csproj", "{D906DF05-DB09-4449-BA4C-CAFA1C466751}"
EndProject
Project("{FAE04EC0-301F-11D3-BF4B-00C04F79EFBC}") = "DocGen.Desktop", "DocGen.Desktop\DocGen.Desktop.csproj", "{330CEC81-EAFA-4A51-957E-ACDF9838ED02}"
EndProject
Project("{FAE04EC0-301F-11D3-BF4B-00C04F79EFBC}") = "DocGen.Data", "DocGen.Data\DocGen.Data.csproj", "{0F6CA8FB-88A1-4F0A-A03D-7648187D16F4}"
EndProject
Global
	GlobalSection(SolutionConfigurationPlatforms) = preSolution
		Debug|Any CPU = Debug|Any CPU
		Release|Any CPU = Release|Any CPU
	EndGlobalSection
	GlobalSection(ProjectConfigurationPlatforms) = postSolution
		{0CCC2394-A4BD-48C4-8AA0-9F083ADDBDA1}.Debug|Any CPU.ActiveCfg = Debug|Any CPU
		{0CCC2394-A4BD-48C4-8AA0-9F083ADDBDA1}.Debug|Any CPU.Build.0 = Debug|Any CPU
		{0CCC2394-A4BD-48C4-8AA0-9F083ADDBDA1}.Release|Any CPU.ActiveCfg = Release|Any CPU
		{0CCC2394-A4BD-48C4-8AA0-9F083ADDBDA1}.Release|Any CPU.Build.0 = Release|Any CPU
		{D906DF05-DB09-4449-BA4C-CAFA1C466751}.Debug|Any CPU.ActiveCfg = Debug|Any CPU
		{D906DF05-DB09-4449-BA4C-CAFA1C466751}.Debug|Any CPU.Build.0 = Debug|Any CPU
		{D906DF05-DB09-4449-BA4C-CAFA1C466751}.Release|Any CPU.ActiveCfg = Release|Any CPU
		{D906DF05-DB09-4449-BA4C-CAFA1C466751}.Release|Any CPU.Build.0 = Release|Any CPU
		{330CEC81-EAFA-4A51-957E-ACDF9838ED02}.Debug|Any CPU.ActiveCfg = Debug|Any CPU
		{330CEC81-EAFA-4A51-957E-ACDF9838ED02}.Debug|Any CPU.Build.0 = Debug|Any CPU
		{330CEC81-EAFA-4A51-957E-ACDF9838ED02}.Release|Any CPU.ActiveCfg = Release|Any CPU
		{330CEC81-EAFA-4A51-957E-ACDF9838ED02}.Release|Any CPU.Build.0 = Release|Any CPU
		{0F6CA8FB-88A1-4F0A-A03D-7648187D16F4}.Debug|Any CPU.ActiveCfg = Debug|Any CPU
		{0F6CA8FB-88A1-4F0A-A03D-7648187D16F4}.Debug|Any CPU.Build.0 = Debug|Any CPU
		{0F6CA8FB-88A1-4F0A-A03D-7648187D16F4}.Release|Any CPU.ActiveCfg = Release|Any CPU
		{0F6CA8FB-88A1-4F0A-A03D-7648187D16F4}.Release|Any CPU.Build.0 = Release|Any CPU
	EndGlobalSection
	GlobalSection(SolutionProperties) = preSolution
		HideSolutionNode = FALSE
	EndGlobalSection
	GlobalSection(ExtensibilityGlobals) = postSolution
		SolutionGuid = {80DB1BED-8163-4435-8822-67B834E688C8}
	EndGlobalSection
EndGlobal
